
Microsoft Visual Studio Solution File, Format Version 12.00
# Visual Studio Version 16
VisualStudioVersion = 16.0.30204.135
MinimumVisualStudioVersion = 10.0.40219.1
Project("{9A19103F-16F7-4668-BE54-9A1E7A4F7556}") = "LersBot", "LersBot\LersBot.csproj", "{93591C93-6303-4803-81AB-A2C12776DAC3}"
EndProject
Project("{930C7802-8A8C-48F9-8165-68863BCCD9DD}") = "Setup", "Setup\Setup.wixproj", "{F9ADBA18-CDD8-4D11-8866-67B5FE1F4DA4}"
EndProject
Project("{9A19103F-16F7-4668-BE54-9A1E7A4F7556}") = "LersBot.Tests", "LersBot.Tests\LersBot.Tests.csproj", "{3A6184A2-9FD0-4AD9-8554-96173A46BB64}"
EndProject
Project("{2150E333-8FDC-42A3-9474-1A3956D46DE8}") = "Lers", "Lers", "{7E94E6C6-1E35-463F-B435-A50B4BB60D24}"
EndProject
Project("{9A19103F-16F7-4668-BE54-9A1E7A4F7556}") = "Lers.Utils", "..\LersUchet\LersCore\Lers.Utils\Lers.Utils.csproj", "{57F3B346-3E93-438F-864F-87562C65EF68}"
EndProject
Global
	GlobalSection(SolutionConfigurationPlatforms) = preSolution
		Debug|Any CPU = Debug|Any CPU
		Debug|x64 = Debug|x64
		Debug|x86 = Debug|x86
		Deploy|Any CPU = Deploy|Any CPU
		Deploy|x64 = Deploy|x64
		Deploy|x86 = Deploy|x86
		Release|Any CPU = Release|Any CPU
		Release|x64 = Release|x64
		Release|x86 = Release|x86
	EndGlobalSection
	GlobalSection(ProjectConfigurationPlatforms) = postSolution
		{93591C93-6303-4803-81AB-A2C12776DAC3}.Debug|Any CPU.ActiveCfg = Debug|Any CPU
		{93591C93-6303-4803-81AB-A2C12776DAC3}.Debug|Any CPU.Build.0 = Debug|Any CPU
		{93591C93-6303-4803-81AB-A2C12776DAC3}.Debug|x64.ActiveCfg = Debug|Any CPU
		{93591C93-6303-4803-81AB-A2C12776DAC3}.Debug|x64.Build.0 = Debug|Any CPU
		{93591C93-6303-4803-81AB-A2C12776DAC3}.Debug|x86.ActiveCfg = Debug|Any CPU
		{93591C93-6303-4803-81AB-A2C12776DAC3}.Debug|x86.Build.0 = Debug|Any CPU
		{93591C93-6303-4803-81AB-A2C12776DAC3}.Deploy|Any CPU.ActiveCfg = Debug|Any CPU
		{93591C93-6303-4803-81AB-A2C12776DAC3}.Deploy|Any CPU.Build.0 = Debug|Any CPU
		{93591C93-6303-4803-81AB-A2C12776DAC3}.Deploy|x64.ActiveCfg = Debug|Any CPU
		{93591C93-6303-4803-81AB-A2C12776DAC3}.Deploy|x64.Build.0 = Debug|Any CPU
		{93591C93-6303-4803-81AB-A2C12776DAC3}.Deploy|x86.ActiveCfg = Debug|Any CPU
		{93591C93-6303-4803-81AB-A2C12776DAC3}.Deploy|x86.Build.0 = Debug|Any CPU
		{93591C93-6303-4803-81AB-A2C12776DAC3}.Release|Any CPU.ActiveCfg = Release|Any CPU
		{93591C93-6303-4803-81AB-A2C12776DAC3}.Release|Any CPU.Build.0 = Release|Any CPU
		{93591C93-6303-4803-81AB-A2C12776DAC3}.Release|x64.ActiveCfg = Release|Any CPU
		{93591C93-6303-4803-81AB-A2C12776DAC3}.Release|x64.Build.0 = Release|Any CPU
		{93591C93-6303-4803-81AB-A2C12776DAC3}.Release|x86.ActiveCfg = Release|Any CPU
		{93591C93-6303-4803-81AB-A2C12776DAC3}.Release|x86.Build.0 = Release|Any CPU
		{F9ADBA18-CDD8-4D11-8866-67B5FE1F4DA4}.Debug|Any CPU.ActiveCfg = Debug|x86
		{F9ADBA18-CDD8-4D11-8866-67B5FE1F4DA4}.Debug|x64.ActiveCfg = Debug|x86
		{F9ADBA18-CDD8-4D11-8866-67B5FE1F4DA4}.Debug|x86.ActiveCfg = Debug|x86
		{F9ADBA18-CDD8-4D11-8866-67B5FE1F4DA4}.Debug|x86.Build.0 = Debug|x86
		{F9ADBA18-CDD8-4D11-8866-67B5FE1F4DA4}.Deploy|Any CPU.ActiveCfg = Release|x86
		{F9ADBA18-CDD8-4D11-8866-67B5FE1F4DA4}.Deploy|Any CPU.Build.0 = Release|x86
		{F9ADBA18-CDD8-4D11-8866-67B5FE1F4DA4}.Deploy|x64.ActiveCfg = Release|x86
		{F9ADBA18-CDD8-4D11-8866-67B5FE1F4DA4}.Deploy|x64.Build.0 = Release|x86
		{F9ADBA18-CDD8-4D11-8866-67B5FE1F4DA4}.Deploy|x86.ActiveCfg = Debug|x86
		{F9ADBA18-CDD8-4D11-8866-67B5FE1F4DA4}.Deploy|x86.Build.0 = Debug|x86
		{F9ADBA18-CDD8-4D11-8866-67B5FE1F4DA4}.Release|Any CPU.ActiveCfg = Release|x86
		{F9ADBA18-CDD8-4D11-8866-67B5FE1F4DA4}.Release|x64.ActiveCfg = Release|x86
		{F9ADBA18-CDD8-4D11-8866-67B5FE1F4DA4}.Release|x86.ActiveCfg = Release|x86
		{F9ADBA18-CDD8-4D11-8866-67B5FE1F4DA4}.Release|x86.Build.0 = Release|x86
		{3A6184A2-9FD0-4AD9-8554-96173A46BB64}.Debug|Any CPU.ActiveCfg = Debug|Any CPU
		{3A6184A2-9FD0-4AD9-8554-96173A46BB64}.Debug|Any CPU.Build.0 = Debug|Any CPU
		{3A6184A2-9FD0-4AD9-8554-96173A46BB64}.Debug|x64.ActiveCfg = Debug|Any CPU
		{3A6184A2-9FD0-4AD9-8554-96173A46BB64}.Debug|x64.Build.0 = Debug|Any CPU
		{3A6184A2-9FD0-4AD9-8554-96173A46BB64}.Debug|x86.ActiveCfg = Debug|Any CPU
		{3A6184A2-9FD0-4AD9-8554-96173A46BB64}.Debug|x86.Build.0 = Debug|Any CPU
		{3A6184A2-9FD0-4AD9-8554-96173A46BB64}.Deploy|Any CPU.ActiveCfg = Debug|Any CPU
		{3A6184A2-9FD0-4AD9-8554-96173A46BB64}.Deploy|Any CPU.Build.0 = Debug|Any CPU
		{3A6184A2-9FD0-4AD9-8554-96173A46BB64}.Deploy|x64.ActiveCfg = Debug|Any CPU
		{3A6184A2-9FD0-4AD9-8554-96173A46BB64}.Deploy|x64.Build.0 = Debug|Any CPU
		{3A6184A2-9FD0-4AD9-8554-96173A46BB64}.Deploy|x86.ActiveCfg = Debug|Any CPU
		{3A6184A2-9FD0-4AD9-8554-96173A46BB64}.Deploy|x86.Build.0 = Debug|Any CPU
		{3A6184A2-9FD0-4AD9-8554-96173A46BB64}.Release|Any CPU.ActiveCfg = Release|Any CPU
		{3A6184A2-9FD0-4AD9-8554-96173A46BB64}.Release|Any CPU.Build.0 = Release|Any CPU
		{3A6184A2-9FD0-4AD9-8554-96173A46BB64}.Release|x64.ActiveCfg = Release|Any CPU
		{3A6184A2-9FD0-4AD9-8554-96173A46BB64}.Release|x64.Build.0 = Release|Any CPU
		{3A6184A2-9FD0-4AD9-8554-96173A46BB64}.Release|x86.ActiveCfg = Release|Any CPU
		{3A6184A2-9FD0-4AD9-8554-96173A46BB64}.Release|x86.Build.0 = Release|Any CPU
		{57F3B346-3E93-438F-864F-87562C65EF68}.Debug|Any CPU.ActiveCfg = Debug|Any CPU
		{57F3B346-3E93-438F-864F-87562C65EF68}.Debug|Any CPU.Build.0 = Debug|Any CPU
		{57F3B346-3E93-438F-864F-87562C65EF68}.Debug|x64.ActiveCfg = Debug|Any CPU
		{57F3B346-3E93-438F-864F-87562C65EF68}.Debug|x64.Build.0 = Debug|Any CPU
		{57F3B346-3E93-438F-864F-87562C65EF68}.Debug|x86.ActiveCfg = Debug|Any CPU
		{57F3B346-3E93-438F-864F-87562C65EF68}.Debug|x86.Build.0 = Debug|Any CPU
		{57F3B346-3E93-438F-864F-87562C65EF68}.Deploy|Any CPU.ActiveCfg = Deploy|Any CPU
		{57F3B346-3E93-438F-864F-87562C65EF68}.Deploy|Any CPU.Build.0 = Deploy|Any CPU
		{57F3B346-3E93-438F-864F-87562C65EF68}.Deploy|x64.ActiveCfg = Deploy|Any CPU
		{57F3B346-3E93-438F-864F-87562C65EF68}.Deploy|x64.Build.0 = Deploy|Any CPU
		{57F3B346-3E93-438F-864F-87562C65EF68}.Deploy|x86.ActiveCfg = Deploy|Any CPU
		{57F3B346-3E93-438F-864F-87562C65EF68}.Deploy|x86.Build.0 = Deploy|Any CPU
		{57F3B346-3E93-438F-864F-87562C65EF68}.Release|Any CPU.ActiveCfg = Release|Any CPU
		{57F3B346-3E93-438F-864F-87562C65EF68}.Release|Any CPU.Build.0 = Release|Any CPU
		{57F3B346-3E93-438F-864F-87562C65EF68}.Release|x64.ActiveCfg = Release|Any CPU
		{57F3B346-3E93-438F-864F-87562C65EF68}.Release|x64.Build.0 = Release|Any CPU
		{57F3B346-3E93-438F-864F-87562C65EF68}.Release|x86.ActiveCfg = Release|Any CPU
		{57F3B346-3E93-438F-864F-87562C65EF68}.Release|x86.Build.0 = Release|Any CPU
	EndGlobalSection
	GlobalSection(SolutionProperties) = preSolution
		HideSolutionNode = FALSE
	EndGlobalSection
	GlobalSection(NestedProjects) = preSolution
		{57F3B346-3E93-438F-864F-87562C65EF68} = {7E94E6C6-1E35-463F-B435-A50B4BB60D24}
	EndGlobalSection
	GlobalSection(ExtensibilityGlobals) = postSolution
		SolutionGuid = {568A397E-67E7-4EED-B682-40BABD909129}
	EndGlobalSection
EndGlobal
